cookbook 'build-essential', :locked_version => '1.3.2'
cookbook 'git', :locked_version => '2.1.4'
cookbook 'mysql', :locked_version => '2.1.2'
cookbook 'couchdb', :git => 'https://github.com/mfenner/couchdb.git', :ref => '01683a781c612a274e50c5cd2277d8bfa87e7484'
cookbook 'phantomjs', :locked_version => '0.0.10'
cookbook 'alm', :git => 'https://github.com/articlemetrics/alm-cookbook.git', :ref => '1c06f4ab65d0a9707f91ce618aa41aeca8313fe9'
cookbook 'chef_handler', :locked_version => '1.1.4'
cookbook 'openssl', :locked_version => '1.0.0'
cookbook 'erlang', :locked_version => '1.1.2'