SITE
  remote: http://community.opscode.com/api/v1
  specs:
    7-zip (1.0.2)
      windows (>= 1.2.2)
    apt (2.7.0)
    ark (0.9.0)
      7-zip (>= 0.0.0)
      windows (>= 0.0.0)
    aws (2.7.2)
    build-essential (2.2.3)
    chef-sugar (3.1.1)
    chef_handler (1.2.0)
    chocolatey (0.4.0)
      windows (~> 1.31)
    consul (0.10.1)
      golang (~> 1.4)
      libarchive (~> 0.4.0)
      packagecloud (>= 0.0.0)
      runit (>= 0.0.0)
      yum-repoforge (>= 0.0.0)
    couchdb (2.5.2)
      erlang (>= 0.0.0)
      yum (~> 3.0)
      yum-epel (>= 0.0.0)
    database (2.3.1)
      aws (>= 0.0.0)
      mysql (~> 5.0)
      mysql-chef_gem (~> 0.0)
      postgresql (>= 1.0.0)
      xfs (>= 0.0.0)
    erlang (1.5.8)
      apt (>= 1.7.0)
      build-essential (>= 0.0.0)
      yum (~> 3.0)
      yum-epel (>= 0.0.0)
      yum-erlang_solutions (>= 0.0.0)
    golang (1.5.1)
    homebrew (1.13.0)
      build-essential (>= 2.1.2)
    libarchive (0.4.4)
      apt (~> 2.5)
      build-essential (~> 2.0)
    memcached (1.7.2)
      runit (~> 1.0)
      yum (~> 3.0)
      yum-epel (>= 0.0.0)
    mysql-chef_gem (0.0.5)
      build-essential (>= 0.0.0)
      mysql (>= 0.0.0)
    nodejs (2.4.0)
      apt (>= 0.0.0)
      ark (>= 0.0.0)
      build-essential (>= 0.0.0)
      homebrew (>= 0.0.0)
      yum-epel (>= 0.0.0)
    openssl (4.0.0)
      chef-sugar (>= 0.0.0)
    packagecloud (0.0.19)
    phantomjs (1.0.3)
      build-essential (>= 0.0.0)
      chocolatey (>= 0.0.0)
    postfix (3.7.0)
    postgresql (3.4.20)
      apt (>= 1.9.0)
      build-essential (>= 0.0.0)
      openssl (~> 4.0.0)
    redisio (2.3.0)
      build-essential (>= 0.0.0)
      ulimit (>= 0.1.2)
    runit (1.7.2)
      packagecloud (>= 0.0.0)
    ulimit (0.3.3)
    windows (1.37.0)
      chef_handler (>= 0.0.0)
    xfs (1.1.0)
    yum (3.6.3)
    yum-epel (0.6.2)
      yum (~> 3.2)
    yum-erlang_solutions (0.2.0)
      yum (~> 3.0)
    yum-mysql-community (0.1.17)
      yum (>= 3.0)
    yum-repoforge (0.5.3)
      yum (~> 3.2)
      yum-epel (>= 0.0.0)

GIT
  remote: git@github.com:lagotto/capistrano-cookbook.git
  ref: master
  sha: d2f3df1923384745067c2a5b66ec1b8e8fa1d4f2
  specs:
    capistrano (0.10.4)
      consul (>= 0.0.0)
      nodejs (>= 0.0.0)
      ruby (~> 0.7.0)

GIT
  remote: git@github.com:lagotto/dotenv-cookbook.git
  ref: master
  sha: 3818435f4506f80a45f5a924ef880a3b371e0798
  specs:
    dotenv (0.2.2)

GIT
  remote: git@github.com:lagotto/lagotto-cookbook.git
  ref: master
  sha: d1d5dcf86de4bbf32e9044efb142f6f3a3f4450e
  specs:
    lagotto (4.7.13)
      apt (>= 0.0.0)
      capistrano (~> 0.10.0)
      consul (>= 0.0.0)
      couchdb (>= 0.0.0)
      database (~> 2.3.1)
      dotenv (~> 0.2.0)
      memcached (>= 0.0.0)
      mysql (>= 0.0.0)
      mysql_rails (~> 0.3.0)
      nodejs (>= 0.0.0)
      passenger_nginx (~> 0.5.0)
      postfix (>= 0.0.0)
      redisio (>= 0.0.0)
      ruby (~> 0.7.0)

GIT
  remote: git@github.com:lagotto/mysql.git
  ref: master
  sha: e306cddd572ca4c1906aa533c70092528bb77532
  specs:
    mysql (5.6.1)
      yum-mysql-community (>= 0.0.0)

GIT
  remote: git@github.com:lagotto/mysql_rails-cookbook.git
  ref: master
  sha: 25ddc5987bf5aa10cc3aacfe8482cacf8ac26a64
  specs:
    mysql_rails (0.3.31)
      database (~> 2.3.1)
      mysql (~> 5.6.1)
      ruby (~> 0.7.0)

GIT
  remote: git@github.com:lagotto/passenger_nginx-cookbook.git
  ref: master
  sha: 4d135f153fa9507082fa958301f69873857a871b
  specs:
    passenger_nginx (0.5.3)
      apt (>= 0.0.0)
      ruby (~> 0.7.0)

GIT
  remote: git@github.com:lagotto/ruby-cookbook.git
  ref: master
  sha: 0a52e4d402ce77cc31d9f50e6a82bb8eb472f9e6
  specs:
    ruby (0.7.0)
      apt (>= 0.0.0)

DEPENDENCIES
  capistrano (>= 0)
  couchdb (>= 0)
  database (~> 2.3.1)
  dotenv (>= 0)
  lagotto (>= 0)
  memcached (>= 0)
  mysql (>= 0)
  mysql_rails (>= 0)
  nodejs (>= 0)
  passenger_nginx (>= 0)
  phantomjs (>= 0)
  postfix (>= 0)
  redisio (>= 0)
  ruby (>= 0)

