SITE
  remote: http://community.opscode.com/api/v1
  specs:
    7-zip (1.0.2)
      windows (>= 1.2.2)
    apt (2.6.1)
    ark (0.9.0)
      7-zip (>= 0.0.0)
      windows (>= 0.0.0)
    aws (2.5.0)
    build-essential (2.1.3)
    chef-sugar (2.5.0)
    chef_handler (1.1.6)
    chocolatey (0.2.0)
      windows (~> 1.31)
    couchdb (2.5.2)
      erlang (>= 0.0.0)
      yum (~> 3.0)
      yum-epel (>= 0.0.0)
    database (2.3.1)
      aws (>= 0.0.0)
      mysql (~> 5.0)
      mysql-chef_gem (~> 0.0)
      postgresql (>= 1.0.0)
      xfs (>= 0.0.0)
    erlang (1.5.6)
      apt (>= 1.7.0)
      build-essential (>= 0.0.0)
      yum (~> 3.0)
      yum-epel (>= 0.0.0)
      yum-erlang_solutions (>= 0.0.0)
    memcached (1.7.2)
      runit (~> 1.0)
      yum (~> 3.0)
      yum-epel (>= 0.0.0)
    mysql (5.6.1)
      yum-mysql-community (>= 0.0.0)
    mysql-chef_gem (0.0.5)
      build-essential (>= 0.0.0)
      mysql (>= 0.0.0)
    nodejs (2.2.0)
      apt (>= 0.0.0)
      ark (>= 0.0.0)
      build-essential (>= 0.0.0)
      yum-epel (>= 0.0.0)
    openssl (2.0.2)
      chef-sugar (>= 0.0.0)
    phantomjs (1.0.3)
      build-essential (>= 0.0.0)
      chocolatey (>= 0.0.0)
    postfix (3.6.2)
    postgresql (3.4.14)
      apt (>= 1.9.0)
      build-essential (>= 0.0.0)
      openssl (>= 0.0.0)
    redisio (2.2.4)
      build-essential (>= 0.0.0)
      ulimit (>= 0.1.2)
    runit (1.5.14)
      build-essential (>= 0.0.0)
      yum (~> 3.0)
      yum-epel (>= 0.0.0)
    ulimit (0.3.2)
    windows (1.36.1)
      chef_handler (>= 0.0.0)
    xfs (1.1.0)
    yum (3.5.2)
    yum-epel (0.6.0)
      yum (~> 3.0)
    yum-erlang_solutions (0.2.0)
      yum (~> 3.0)
    yum-mysql-community (0.1.12)
      yum (>= 3.0)

GIT
  remote: git@github.com:articlemetrics/capistrano-cookbook.git
  ref: master
  sha: 4019524bf33243d4b52c49eefdc19152e3d91233
  specs:
    capistrano (0.8.1)
      ruby (~> 0.6.0)

GIT
  remote: git@github.com:articlemetrics/dotenv-cookbook.git
  ref: master
  sha: 6af99d90f302ba74a460a5337bcdd5a5b7505ff5
  specs:
    dotenv (0.2.0)

GIT
  remote: git@github.com:articlemetrics/lagotto-cookbook.git
  ref: master
  sha: b6b59b050df5c13e4e9f77a4fa40d7ba3cd922b7
  specs:
    lagotto (4.4.6)
      apt (>= 0.0.0)
      capistrano (~> 0.8.0)
      couchdb (>= 0.0.0)
      database (~> 2.3.1)
      dotenv (~> 0.2.0)
      memcached (>= 0.0.0)
      mysql (~> 5.6.1)
      mysql_rails (~> 0.3.0)
      nodejs (>= 0.0.0)
      passenger_nginx (~> 0.5.0)
      postfix (>= 0.0.0)
      redisio (>= 0.0.0)
      ruby (~> 0.6.0)

GIT
  remote: git@github.com:articlemetrics/mysql_rails-cookbook.git
  ref: master
  sha: 7209a9de6dd94bbe4db72410e23a036aaaa9c977
  specs:
    mysql_rails (0.3.27)
      database (~> 2.3.1)
      mysql (~> 5.6.1)
      ruby (~> 0.6.0)

GIT
  remote: git@github.com:articlemetrics/passenger_nginx-cookbook.git
  ref: master
  sha: 982440c212cfc6f7e282efe1377df5890f57f5c2
  specs:
    passenger_nginx (0.5.0)
      apt (>= 0.0.0)
      ruby (~> 0.6.0)

GIT
  remote: git@github.com:articlemetrics/ruby-cookbook.git
  ref: master
  sha: 323293afd36ede76c8906a1b432d528b77c6df63
  specs:
    ruby (0.6.3)
      apt (>= 0.0.0)

DEPENDENCIES
  capistrano (>= 0)
  couchdb (>= 0)
  database (>= 0)
  dotenv (>= 0)
  lagotto (>= 0)
  memcached (>= 0)
  mysql_rails (>= 0)
  passenger_nginx (>= 0)
  phantomjs (>= 0)
  postfix (>= 0)
  redisio (>= 0)
  ruby (>= 0)

