SITE
  remote: http://community.opscode.com/api/v1
  specs:
    apt (2.5.3)
    aws (2.4.0)
    build-essential (2.0.6)
    chef-sugar (2.2.0)
    chef_handler (1.1.6)
    chocolatey (0.1.0)
      powershell (>= 0.0.0)
    couchdb (2.5.2)
      erlang (>= 0.0.0)
      yum (~> 3.0)
      yum-epel (>= 0.0.0)
    database (2.3.0)
      aws (>= 0.0.0)
      mysql (>= 5.0.0)
      mysql-chef_gem (>= 0.0.0)
      postgresql (>= 1.0.0)
      xfs (>= 0.0.0)
    erlang (1.5.6)
      apt (>= 1.7.0)
      build-essential (>= 0.0.0)
      yum (~> 3.0)
      yum-epel (>= 0.0.0)
      yum-erlang_solutions (>= 0.0.0)
    memcached (1.7.2)
      runit (~> 1.0)
      yum (~> 3.0)
      yum-epel (>= 0.0.0)
    ms_dotnet2 (1.0.0)
      windows (>= 0.0.0)
    ms_dotnet4 (1.0.2)
      windows (>= 0.0.0)
    ms_dotnet45 (1.1.2)
      windows (>= 0.0.0)
    mysql (5.4.4)
      yum-mysql-community (>= 0.0.0)
    mysql-chef_gem (0.0.2)
      build-essential (>= 0.0.0)
      mysql (>= 0.0.0)
    openssl (2.0.0)
      chef-sugar (>= 0.0.0)
    phantomjs (1.0.3)
      build-essential (>= 0.0.0)
      chocolatey (>= 0.0.0)
    postfix (3.5.0)
    postgresql (3.4.2)
      apt (>= 1.9.0)
      build-essential (>= 0.0.0)
      openssl (>= 0.0.0)
    powershell (3.0.7)
      ms_dotnet2 (>= 0.0.0)
      ms_dotnet4 (>= 0.0.0)
      ms_dotnet45 (>= 0.0.0)
      windows (>= 1.2.8)
    runit (1.5.10)
      build-essential (>= 0.0.0)
      yum (~> 3.0)
      yum-epel (>= 0.0.0)
    windows (1.34.2)
      chef_handler (>= 0.0.0)
    xfs (1.1.0)
    yum (3.3.1)
    yum-epel (0.5.1)
      yum (~> 3.0)
    yum-erlang_solutions (0.2.0)
      yum (~> 3.0)
    yum-mysql-community (0.1.10)
      yum (>= 3.0)

GIT
  remote: git@github.com:articlemetrics/alm-cookbook.git
  ref: master
  sha: 427a7ebef49dc110e800349ec395610b5209777f
  specs:
    alm (3.4.10)
      apt (>= 0.0.0)
      capistrano (~> 0.6.0)
      couchdb (>= 0.0.0)
      database (>= 0.0.0)
      memcached (>= 0.0.0)
      mysql (~> 5.4.3)
      mysql_rails (~> 0.2.0)
      passenger_nginx (~> 0.2.0)
      phantomjs (~> 1.0.3)
      postfix (>= 0.0.0)
      ruby (~> 0.3.0)

GIT
  remote: git@github.com:articlemetrics/capistrano-cookbook.git
  ref: master
  sha: 43d031f6041ca8a034bd89bde5167a51459d1f0e
  specs:
    capistrano (0.6.4)
      ruby (~> 0.3.0)

GIT
  remote: git@github.com:articlemetrics/mysql_rails-cookbook.git
  ref: master
  sha: 1f890904b9dcc4d206688b8afa599e04764863fc
  specs:
    mysql_rails (0.2.3)
      database (>= 0.0.0)
      mysql (>= 0.0.0)
      ruby (~> 0.3.0)

GIT
  remote: git@github.com:articlemetrics/passenger_nginx-cookbook.git
  ref: master
  sha: 6b1d24822d9c84e9b3117e22a53cb23c891d89d2
  specs:
    passenger_nginx (0.2.15)
      apt (~> 2.5.3)
      ruby (~> 0.3.0)

GIT
  remote: git@github.com:articlemetrics/ruby-cookbook.git
  ref: master
  sha: bf75f7445ec401696e10c8f4e346f86e9c2604a2
  specs:
    ruby (0.3.5)
      apt (~> 2.5.3)

DEPENDENCIES
  alm (>= 0)
  capistrano (>= 0)
  couchdb (>= 0)
  database (~> 2.3.0)
  memcached (>= 0)
  mysql (~> 5.4.3)
  mysql_rails (>= 0)
  passenger_nginx (>= 0)
  phantomjs (>= 0)
  postfix (>= 0)
  ruby (>= 0)

