GIT
  remote: https://github.com/fly1tkg/state_machine.git
  revision: 181f758a50698c4564b46a48d5704b48e9b3cf33
  branch: issue/334
  specs:
    state_machine (1.2.0)

GEM
  remote: https://rubygems.org/
  specs:
    actionmailer (4.2.7.1)
      actionpack (= 4.2.7.1)
      actionview (= 4.2.7.1)
      activejob (= 4.2.7.1)
      mail (~> 2.5, >= 2.5.4)
      rails-dom-testing (~> 1.0, >= 1.0.5)
    actionpack (4.2.7.1)
      actionview (= 4.2.7.1)
      activesupport (= 4.2.7.1)
      rack (~> 1.6)
      rack-test (~> 0.6.2)
      rails-dom-testing (~> 1.0, >= 1.0.5)
      rails-html-sanitizer (~> 1.0, >= 1.0.2)
    actionview (4.2.7.1)
      activesupport (= 4.2.7.1)
      builder (~> 3.1)
      erubis (~> 2.7.0)
      rails-dom-testing (~> 1.0, >= 1.0.5)
      rails-html-sanitizer (~> 1.0, >= 1.0.2)
    active_model_serializers (0.10.4)
      actionpack (>= 4.1, < 6)
      activemodel (>= 4.1, < 6)
      case_transform (>= 0.2)
      jsonapi (= 0.1.1.beta6)
    activejob (4.2.7.1)
      activesupport (= 4.2.7.1)
      globalid (>= 0.3.0)
    activemodel (4.2.7.1)
      activesupport (= 4.2.7.1)
      builder (~> 3.1)
    activerecord (4.2.7.1)
      activemodel (= 4.2.7.1)
      activesupport (= 4.2.7.1)
      arel (~> 6.0)
    activesupport (4.2.7.1)
      i18n (~> 0.7)
      json (~> 1.7, >= 1.7.7)
      minitest (~> 5.1)
      thread_safe (~> 0.3, >= 0.3.4)
      tzinfo (~> 1.1)
    addressable (2.3.8)
    arel (6.0.4)
    ast (2.3.0)
    astrolabe (1.3.1)
      parser (~> 2.2)
    backport_new_renderer (1.0.0)
      rails
    base32-crockford-checksum (0.2.3)
    bergamasco (0.3.12)
      activesupport (~> 4.2, >= 4.2.5)
      addressable (>= 2.3.6)
      builder (~> 3.2, >= 3.2.2)
      loofah (~> 2.0, >= 2.0.3)
      multi_json (~> 1.11.2)
      nokogiri (~> 1.6.7)
      oj (~> 2.13.1)
      pandoc-ruby (~> 2.0, >= 2.0.0)
      safe_yaml (~> 1.0, >= 1.0.4)
    better_errors (2.0.0)
      coderay (>= 1.0.0)
      erubis (>= 2.6.6)
      rack (>= 0.9.0)
    binding_of_caller (0.7.2)
      debug_inspector (>= 0.0.1)
    brakeman (2.6.3)
      erubis (~> 2.6)
      fastercsv (~> 1.5)
      haml (>= 3.0, < 5.0)
      highline (~> 1.6.20)
      multi_json (~> 1.2)
      ruby2ruby (~> 2.1.1)
      ruby_parser (~> 3.5.0)
      sass (~> 3.0)
      slim (>= 1.3.6, < 3.0)
      terminal-table (~> 1.4)
    bugsnag (2.8.13)
      json (~> 1.7, >= 1.7.7)
    builder (3.2.3)
    bullet (4.14.10)
      activesupport (>= 3.0.0)
      uniform_notifier (~> 1.9.0)
    cancancan (1.9.2)
    capybara (2.4.4)
      mime-types (>= 1.16)
      nokogiri (>= 1.3.3)
      rack (>= 1.0.0)
      rack-test (>= 0.5.4)
      xpath (~> 2.0)
    case_transform (0.2)
      activesupport
    cirneco (0.9.9)
      activesupport (~> 4.2, >= 4.2.5)
      base32-crockford-checksum (~> 0.2.2)
      bergamasco (~> 0.3)
      builder (~> 3.2, >= 3.2.2)
      dotenv (~> 2.1, >= 2.1.1)
      maremma (~> 3.1)
      nokogiri (~> 1.6, >= 1.6.8)
      thor (~> 0.19)
    codeclimate-test-reporter (0.4.8)
      simplecov (>= 0.7.1, < 1.0.0)
    coderay (1.1.1)
    colorize (0.7.7)
    concurrent-ruby (1.0.4)
    config (1.0.0)
      activesupport (>= 3.0)
      deep_merge (~> 1.0.0)
    connection_pool (2.2.1)
    crack (0.4.3)
      safe_yaml (~> 1.0.0)
    dalli (2.7.6)
    database_cleaner (1.3.0)
    debug_inspector (0.0.2)
    deep_merge (1.0.1)
    diff-lcs (1.3)
    docile (1.1.5)
    domain_name (0.5.20161129)
      unf (>= 0.0.5, < 1.0.0)
    dotenv (2.2.0)
    dotiw (2.0)
      actionpack (>= 3)
      i18n
    erubis (2.7.0)
    excon (0.45.4)
    factory_girl (4.5.0)
      activesupport (>= 3.0.0)
    factory_girl_rails (4.5.0)
      factory_girl (~> 4.5.0)
      railties (>= 3.0.0)
    faraday (0.9.2)
      multipart-post (>= 1.2, < 3)
    faraday-encoding (0.0.4)
      faraday
    faraday_middleware (0.10.1)
      faraday (>= 0.7.4, < 1.0)
    fastercsv (1.5.5)
    gender_detector (0.1.2)
      unicode_utils (>= 1.3.0)
    github-markdown (0.6.9)
    globalid (0.3.7)
      activesupport (>= 4.1.0)
    haml (4.0.7)
      tilt
    hashie (3.3.2)
    highline (1.6.21)
    http-cookie (1.0.3)
      domain_name (~> 0.5)
    httplog (0.3.3)
      colorize
    i18n (0.8.0)
    immigrant (0.3.6)
      activerecord (>= 3.0)
    iso8601 (0.9.1)
    json (1.8.6)
    jsonapi (0.1.1.beta6)
      jsonapi-parser (= 0.1.1.beta3)
      jsonapi-renderer (= 0.1.1.beta1)
    jsonapi-parser (0.1.1.beta3)
    jsonapi-renderer (0.1.1.beta1)
    jwt (1.5.6)
    launchy (2.4.3)
      addressable (~> 2.3)
    lograge (0.3.6)
      actionpack (>= 3)
      activesupport (>= 3)
      railties (>= 3)
    loofah (2.0.3)
      nokogiri (>= 1.5.9)
    mail (2.6.4)
      mime-types (>= 1.16, < 4)
    mailgun-ruby (1.1.3)
      rest-client (~> 2.0)
    maremma (3.1.4)
      activesupport (~> 4.2, >= 4.2.5)
      addressable (>= 2.3.6)
      builder (~> 3.2, >= 3.2.2)
      excon (~> 0.45.0)
      faraday (~> 0.9.2)
      faraday-encoding (~> 0.0.1)
      faraday_middleware (~> 0.10.0)
      multi_json (~> 1.11.2)
      nokogiri (~> 1.6.7)
      oj (~> 2.13.1)
    method_source (0.8.2)
    mime-types (3.1)
      mime-types-data (~> 3.2015)
    mime-types-data (3.2016.0521)
    mini_portile2 (2.1.0)
    minitest (5.10.1)
    multi_json (1.11.3)
    multi_xml (0.5.5)
    multipart-post (2.0.0)
    mysql2 (0.3.18)
    namae (0.10.2)
    netrc (0.11.0)
    nilify_blanks (1.2.1)
      activerecord (>= 3.0.0)
      activesupport (>= 3.0.0)
    nokogiri (1.6.8.1)
      mini_portile2 (~> 2.1.0)
    oj (2.13.1)
    pandoc-ruby (2.0.1)
    parse-cron (0.1.4)
    parser (2.4.0.0)
      ast (~> 2.2)
    postrank-uri (1.0.18)
      addressable (~> 2.3.0)
      nokogiri (~> 1.6.1)
      public_suffix (~> 1.1.3)
    powerpack (0.0.9)
    pry (0.10.4)
      coderay (~> 1.1.0)
      method_source (~> 0.8.1)
      slop (~> 3.4)
    pry-rails (0.3.4)
      pry (>= 0.9.10)
    public_suffix (1.1.3)
    rack (1.6.5)
    rack-protection (1.5.3)
      rack
    rack-test (0.6.3)
      rack (>= 1.0)
    rails (4.2.7.1)
      actionmailer (= 4.2.7.1)
      actionpack (= 4.2.7.1)
      actionview (= 4.2.7.1)
      activejob (= 4.2.7.1)
      activemodel (= 4.2.7.1)
      activerecord (= 4.2.7.1)
      activesupport (= 4.2.7.1)
      bundler (>= 1.3.0, < 2.0)
      railties (= 4.2.7.1)
      sprockets-rails
    rails-deprecated_sanitizer (1.0.3)
      activesupport (>= 4.2.0.alpha)
    rails-dom-testing (1.0.8)
      activesupport (>= 4.2.0.beta, < 5.0)
      nokogiri (~> 1.6)
      rails-deprecated_sanitizer (>= 1.0.1)
    rails-html-sanitizer (1.0.3)
      loofah (~> 2.0)
    railties (4.2.7.1)
      actionpack (= 4.2.7.1)
      activesupport (= 4.2.7.1)
      rake (>= 0.8.7)
      thor (>= 0.18.1, < 2.0)
    rainbow (2.2.1)
    rake (10.4.2)
    redis (3.3.3)
    rest-client (2.0.0)
      http-cookie (>= 1.0.2, < 2.0)
      mime-types (>= 1.16, < 4.0)
      netrc (~> 0.8)
    rouge (1.7.7)
    rspec-core (3.1.7)
      rspec-support (~> 3.1.0)
    rspec-expectations (3.1.2)
      diff-lcs (>= 1.2.0, < 2.0)
      rspec-support (~> 3.1.0)
    rspec-mocks (3.1.3)
      rspec-support (~> 3.1.0)
    rspec-rails (3.1.0)
      actionpack (>= 3.0)
      activesupport (>= 3.0)
      railties (>= 3.0)
      rspec-core (~> 3.1.0)
      rspec-expectations (~> 3.1.0)
      rspec-mocks (~> 3.1.0)
      rspec-support (~> 3.1.0)
    rspec-support (3.1.2)
    rubocop (0.27.1)
      astrolabe (~> 1.3)
      parser (>= 2.2.0.pre.7, < 3.0)
      powerpack (~> 0.0.6)
      rainbow (>= 1.99.1, < 3.0)
      ruby-progressbar (~> 1.4)
    ruby-progressbar (1.8.1)
    ruby2ruby (2.1.4)
      ruby_parser (~> 3.1)
      sexp_processor (~> 4.0)
    ruby_parser (3.5.0)
      sexp_processor (~> 4.1)
    rubyzip (1.2.1)
    safe_yaml (1.0.4)
    sass (3.4.23)
    sexp_processor (4.8.0)
    shoulda-matchers (2.7.0)
      activesupport (>= 3.0.0)
    sidekiq (4.2.9)
      concurrent-ruby (~> 1.0)
      connection_pool (~> 2.2, >= 2.2.0)
      rack-protection (>= 1.5.0)
      redis (~> 3.2, >= 3.2.1)
    simplecov (0.9.2)
      docile (~> 1.1.0)
      multi_json (~> 1.0)
      simplecov-html (~> 0.9.0)
    simplecov-html (0.9.0)
    slack-notifier (1.5.1)
    slim (2.1.0)
      temple (~> 0.6.9)
      tilt (>= 1.3.3, < 2.1)
    slop (3.6.0)
    sprig (0.1.9)
    spring (1.7.2)
    spring-commands-rspec (1.0.4)
      spring (>= 0.9.1)
    sprockets (3.7.1)
      concurrent-ruby (~> 1.0)
      rack (> 1, < 3)
    sprockets-rails (3.2.0)
      actionpack (>= 4.0)
      activesupport (>= 4.0)
      sprockets (>= 3.0.0)
    strip_attributes (1.8.0)
      activemodel (>= 3.0, < 6.0)
    temple (0.6.10)
    terminal-table (1.7.3)
      unicode-display_width (~> 1.1.1)
    test_after_commit (0.4.2)
      activerecord (>= 3.2)
    thor (0.19.4)
    thread_safe (0.3.5)
    tilt (2.0.6)
    timeliness (0.3.8)
    tzinfo (1.2.2)
      thread_safe (~> 0.1)
    unf (0.1.4)
      unf_ext
    unf_ext (0.0.7.2)
    unicode-display_width (1.1.3)
    unicode_utils (1.4.0)
    uniform_notifier (1.9.0)
    validates_timeliness (3.0.15)
      timeliness (~> 0.3.7)
    vcr (2.9.3)
    webmock (1.20.4)
      addressable (>= 2.3.6)
      crack (>= 0.3.2)
    will_paginate (3.0.7)
    will_paginate-bootstrap (1.0.1)
      will_paginate (>= 3.0.3)
    with_env (1.1.0)
    xpath (2.0.0)
      nokogiri (~> 1.3)

PLATFORMS
  ruby

DEPENDENCIES
  active_model_serializers (~> 0.10.4)
  backport_new_renderer (~> 1.0)
  better_errors (~> 2.0.0)
  binding_of_caller (~> 0.7.2)
  brakeman (~> 2.6.0)
  bugsnag (~> 2.8.6)
  bullet (~> 4.14.0)
  cancancan (~> 1.9.2)
  capybara (~> 2.4.4)
  cirneco (~> 0.9.9)
  codeclimate-test-reporter (~> 0.4.1)
  colorize (~> 0.7.7)
  config (~> 1.0.0)
  dalli (~> 2.7.0)
  database_cleaner (~> 1.3.0)
  dotenv (~> 2.1, >= 2.1.1)
  dotiw (~> 2.0)
  factory_girl_rails (~> 4.5.0)
  gender_detector (~> 0.1.2)
  github-markdown (~> 0.6.3)
  hashie (~> 3.3.2)
  httplog
  immigrant (~> 0.3.4)
  iso8601 (~> 0.9.0)
  jwt (~> 1.5, >= 1.5.4)
  launchy (~> 2.4.2)
  lograge (~> 0.3.5)
  mailgun-ruby (~> 1.1)
  maremma (~> 3.1, >= 3.1.2)
  multi_xml (~> 0.5.5)
  mysql2 (= 0.3.18)
  namae (~> 0.10.1)
  nilify_blanks (~> 1.2.0)
  nokogiri (~> 1.6.0)
  parse-cron (~> 0.1.4)
  postrank-uri (~> 1.0.18)
  pry-rails (~> 0.3.2)
  rack-test (~> 0.6.2)
  rails (~> 4.2, >= 4.2.6)
  rake (~> 10.4.2)
  rouge (~> 1.7.2)
  rspec-rails (~> 3.1.0)
  rubocop (~> 0.27.0)
  rubyzip (~> 1.1)
  shoulda-matchers (~> 2.7.0)
  sidekiq (~> 4.0, >= 4.0.1)
  simplecov (~> 0.9.1)
  slack-notifier (~> 1.5, >= 1.5.1)
  sprig (~> 0.1.7)
  spring (~> 1.6, >= 1.6.3)
  spring-commands-rspec (~> 1.0.4)
  state_machine (~> 1.2.0)!
  strip_attributes (~> 1.2)
  test_after_commit (~> 0.4.2)
  validates_timeliness (~> 3.0.14)
  vcr (~> 2.9.3)
  webmock (~> 1.20.0)
  will_paginate (= 3.0.7)
  will_paginate-bootstrap (~> 1.0.1)
  with_env (~> 1.1.0)

BUNDLED WITH
   1.12.5
